<?xml version="1.0" encoding="UTF-8" standalone="yes" ?>
<CodeBlocks_project_file>
	<FileVersion major="1" minor="6" />
	<Project>
		<Option title="Dijkstra-Part3-DistributingClasses" />
		<Option pch_mode="2" />
		<Option compiler="gcc" />
		<Build>
			<Target title="Debug">
				<Option output="bin/Debug/Dijkstra-Part3-DistributingClasses" prefix_auto="1" extension_auto="1" />
				<Option object_output="obj/Debug/" />
				<Option type="1" />
				<Option compiler="gcc" />
				<Compiler>
					<Add option="-g" />
				</Compiler>
			</Target>
			<Target title="Release">
				<Option output="bin/Release/Dijkstra-Part3-DistributingClasses" prefix_auto="1" extension_auto="1" />
				<Option object_output="obj/Release/" />
				<Option type="1" />
				<Option compiler="gcc" />
				<Compiler>
					<Add option="-O2" />
				</Compiler>
				<Linker>
					<Add option="-s" />
				</Linker>
			</Target>
		</Build>
		<Compiler>
			<Add option="-Wall" />
			<Add option="-fexceptions" />
		</Compiler>
		<Unit filename="List.cpp" />
		<Unit filename="List.h" />
		<Unit filename="create_rgraph_matrix.cpp" />
		<Unit filename="create_rgraph_matrix.h" />
		<Unit filename="graph_class.cpp" />
		<Unit filename="graph_class.h" />
		<Unit filename="list_element.cpp" />
		<Unit filename="list_element.h" />
		<Unit filename="main.cpp" />
		<Unit filename="main.h" />
		<Unit filename="min_heap.cpp" />
		<Unit filename="min_heap.h" />
		<Unit filename="shortestPath.cpp" />
		<Unit filename="shortestPath.h" />
		<Extensions>
			<lib_finder disable_auto="1" />
		</Extensions>
	</Project>
</CodeBlocks_project_file>
